
Microsoft Visual Studio Solution File, Format Version 12.00
# Visual Studio 15
VisualStudioVersion = 15.0.27130.2003
MinimumVisualStudioVersion = 10.0.40219.1
Project("{8BC9CEB8-8B4A-11D0-8D11-00A0C91BC942}") = "C50", "C50\C50.vcxproj", "{57A1441C-7BA9-40E8-AFA3-06A5455D9EEF}"
EndProject
Global
	GlobalSection(SolutionConfigurationPlatforms) = preSolution
		Debug|x86 = Debug|x86
		Release|x86 = Release|x86
	EndGlobalSection
	GlobalSection(ProjectConfigurationPlatforms) = postSolution
		{57A1441C-7BA9-40E8-AFA3-06A5455D9EEF}.Debug|x64.ActiveCfg = Debug|Win32
		{57A1441C-7BA9-40E8-AFA3-06A5455D9EEF}.Debug|x86.ActiveCfg = Debug|Win32
		{57A1441C-7BA9-40E8-AFA3-06A5455D9EEF}.Debug|x86.Build.0 = Debug|Win32
		{57A1441C-7BA9-40E8-AFA3-06A5455D9EEF}.Release|x64.ActiveCfg = Release|Win32
		{57A1441C-7BA9-40E8-AFA3-06A5455D9EEF}.Release|x86.ActiveCfg = Release|Win32
		{57A1441C-7BA9-40E8-AFA3-06A5455D9EEF}.Release|x86.Build.0 = Release|Win32
	EndGlobalSection
	GlobalSection(SolutionProperties) = preSolution
		HideSolutionNode = FALSE
	EndGlobalSection
	GlobalSection(ExtensibilityGlobals) = postSolution
		SolutionGuid = {C1B7E39A-C9B6-4EE3-824E-17EBAB642E51}
	EndGlobalSection
EndGlobal
