
Microsoft Visual Studio Solution File, Format Version 11.00
# Visual Studio 2010
Project("{FAE04EC0-301F-11D3-BF4B-00C04F79EFBC}") = "Dsa", "Dsa\Dsa.csproj", "{928B4724-1973-454B-BDA3-19D782D3F88D}"
EndProject
Project("{2150E333-8FDC-42A3-9474-1A3956D46DE8}") = "Solution Items", "Solution Items", "{3BDD5824-1F72-4CC2-B20B-58BE4EE10819}"
	ProjectSection(SolutionItems) = preProject
		Dsa.vsmdi = Dsa.vsmdi
	EndProjectSection
EndProject
Project("{FAE04EC0-301F-11D3-BF4B-00C04F79EFBC}") = "Dsa.PUTs", "Dsa.PUTs\Dsa.PUTs.csproj", "{8480ABDC-6D6B-48F0-9100-74FFA1A9BA9B}"
EndProject
Global
	GlobalSection(TestCaseManagementSettings) = postSolution
		CategoryFile = Dsa.vsmdi
	EndGlobalSection
	GlobalSection(SolutionConfigurationPlatforms) = preSolution
		Debug|Any CPU = Debug|Any CPU
		Debug|x64 = Debug|x64
		Release|Any CPU = Release|Any CPU
		Release|x64 = Release|x64
	EndGlobalSection
	GlobalSection(ProjectConfigurationPlatforms) = postSolution
		{928B4724-1973-454B-BDA3-19D782D3F88D}.Debug|Any CPU.ActiveCfg = Debug|Any CPU
		{928B4724-1973-454B-BDA3-19D782D3F88D}.Debug|Any CPU.Build.0 = Debug|Any CPU
		{928B4724-1973-454B-BDA3-19D782D3F88D}.Debug|x64.ActiveCfg = Debug|Any CPU
		{928B4724-1973-454B-BDA3-19D782D3F88D}.Debug|x64.Build.0 = Debug|Any CPU
		{928B4724-1973-454B-BDA3-19D782D3F88D}.Release|Any CPU.ActiveCfg = Release|Any CPU
		{928B4724-1973-454B-BDA3-19D782D3F88D}.Release|Any CPU.Build.0 = Release|Any CPU
		{928B4724-1973-454B-BDA3-19D782D3F88D}.Release|x64.ActiveCfg = Release|Any CPU
		{928B4724-1973-454B-BDA3-19D782D3F88D}.Release|x64.Build.0 = Release|Any CPU
		{8480ABDC-6D6B-48F0-9100-74FFA1A9BA9B}.Debug|Any CPU.ActiveCfg = Debug|Any CPU
		{8480ABDC-6D6B-48F0-9100-74FFA1A9BA9B}.Debug|Any CPU.Build.0 = Debug|Any CPU
		{8480ABDC-6D6B-48F0-9100-74FFA1A9BA9B}.Debug|x64.ActiveCfg = Debug|Any CPU
		{8480ABDC-6D6B-48F0-9100-74FFA1A9BA9B}.Release|Any CPU.ActiveCfg = Release|Any CPU
		{8480ABDC-6D6B-48F0-9100-74FFA1A9BA9B}.Release|Any CPU.Build.0 = Release|Any CPU
		{8480ABDC-6D6B-48F0-9100-74FFA1A9BA9B}.Release|x64.ActiveCfg = Release|Any CPU
	EndGlobalSection
	GlobalSection(SolutionProperties) = preSolution
		HideSolutionNode = FALSE
	EndGlobalSection
EndGlobal
