<?xml version="1.0" encoding="utf-8"?>
<Project ToolsVersion="4.0" xmlns="http://schemas.microsoft.com/developer/msbuild/2003">
  <ItemGroup>
    <Filter Include="Source files">
      <UniqueIdentifier>{6d14cdce-ecf4-49fb-b18f-d2c2df37d530}</UniqueIdentifier>
      <Extensions>cpp;c;cc;cxx;def;odl;idl;hpj;bat;asm;asmx</Extensions>
    </Filter>
    <Filter Include="Header files">
      <UniqueIdentifier>{8c3498fe-ac8c-417a-b632-817926f40d3d}</UniqueIdentifier>
      <Extensions>h;hpp;hxx;hm;inl;inc;xsd</Extensions>
    </Filter>
    <Filter Include="Resource files">
      <UniqueIdentifier>{f28c1858-f5d7-4d5c-a710-714288767635}</UniqueIdentifier>
      <Extensions>rc;ico;cur;bmp;dlg;rc2;rct;bin;rgs;gif;jpg;jpeg;jpe;resx;tiff;tif;png;wav</Extensions>
    </Filter>
    <Filter Include="VisualGDB settings">
      <UniqueIdentifier>{41c34d78-a1c7-4d37-a4d0-5523168ac64b}</UniqueIdentifier>
    </Filter>
  </ItemGroup>
  <ItemGroup>
    <ClCompile Include="..\..\attwinnow.c">
      <Filter>Source files</Filter>
    </ClCompile>
    <ClCompile Include="..\..\c50.c">
      <Filter>Source files</Filter>
    </ClCompile>
    <ClCompile Include="..\..\classify.c">
      <Filter>Source files</Filter>
    </ClCompile>
    <ClCompile Include="..\..\confmat.c">
      <Filter>Source files</Filter>
    </ClCompile>
    <ClCompile Include="..\..\construct.c">
      <Filter>Source files</Filter>
    </ClCompile>
    <ClCompile Include="..\..\contin.c">
      <Filter>Source files</Filter>
    </ClCompile>
    <ClCompile Include="..\..\discr.c">
      <Filter>Source files</Filter>
    </ClCompile>
    <ClCompile Include="..\..\formrules.c">
      <Filter>Source files</Filter>
    </ClCompile>
    <ClCompile Include="..\..\formtree.c">
      <Filter>Source files</Filter>
    </ClCompile>
    <ClCompile Include="..\..\getdata.c">
      <Filter>Source files</Filter>
    </ClCompile>
    <ClCompile Include="..\..\getnames.c">
      <Filter>Source files</Filter>
    </ClCompile>
    <ClCompile Include="..\..\global.c">
      <Filter>Source files</Filter>
    </ClCompile>
    <ClCompile Include="..\..\implicitatt.c">
      <Filter>Source files</Filter>
    </ClCompile>
    <ClCompile Include="..\..\info.c">
      <Filter>Source files</Filter>
    </ClCompile>
    <ClCompile Include="..\..\mcost.c">
      <Filter>Source files</Filter>
    </ClCompile>
    <ClCompile Include="..\..\modelfiles.c">
      <Filter>Source files</Filter>
    </ClCompile>
    <ClCompile Include="..\..\p-thresh.c">
      <Filter>Source files</Filter>
    </ClCompile>
    <ClCompile Include="..\..\prune.c">
      <Filter>Source files</Filter>
    </ClCompile>
    <ClCompile Include="..\..\report.c">
      <Filter>Source files</Filter>
    </ClCompile>
    <ClCompile Include="..\..\rules.c">
      <Filter>Source files</Filter>
    </ClCompile>
    <ClCompile Include="..\..\ruletree.c">
      <Filter>Source files</Filter>
    </ClCompile>
    <ClCompile Include="..\..\siftrules.c">
      <Filter>Source files</Filter>
    </ClCompile>
    <ClCompile Include="..\..\sort.c">
      <Filter>Source files</Filter>
    </ClCompile>
    <ClCompile Include="..\..\subset.c">
      <Filter>Source files</Filter>
    </ClCompile>
    <ClCompile Include="..\..\trees.c">
      <Filter>Source files</Filter>
    </ClCompile>
    <ClCompile Include="..\..\update.c">
      <Filter>Source files</Filter>
    </ClCompile>
    <ClCompile Include="..\..\utility.c">
      <Filter>Source files</Filter>
    </ClCompile>
    <ClCompile Include="..\..\xval.c">
      <Filter>Source files</Filter>
    </ClCompile>
    <None Include="C50-Debug.vgdbsettings">
      <Filter>VisualGDB settings</Filter>
    </None>
    <None Include="C50-Release.vgdbsettings">
      <Filter>VisualGDB settings</Filter>
    </None>
  </ItemGroup>
</Project>